{
  "originHash" : "1763746dbdd2997ae1c486e09eca378fda1157b77a953d9ae2a6661c203df2e1",
  "pins" : [
    {
      "identity" : "logboard",
      "kind" : "remoteSourceControl",
      "location" : "https://github.com/shogo4405/Logboard.git",
      "state" : {
        "revision" : "8f41c63afb903040b77049ee2efa8c257b8c0d50",
        "version" : "2.6.0"
      }
    }
  ],
  "version" : 3
}
